{
    "_readme": [
        "This file locks the dependencies of your project to a known state",
        "Read more about it at https://getcomposer.org/doc/01-basic-usage.md#installing-dependencies",
        "This file is @generated automatically"
    ],
    "content-hash": "0459f07c3fa1ed0f28211de007c31330",
    "packages": [
        {
            "name": "foxtool/debra",
            "version": "dev-main",
            "source": {
                "type": "git",
                "url": "https://github.com/FoxTool/Debra.git",
                "reference": "4102c4af23c926d25c8f284c596760d0c6de4a0e"
            },
            "dist": {
                "type": "zip",
                "url": "https://api.github.com/repos/FoxTool/Debra/zipball/4102c4af23c926d25c8f284c596760d0c6de4a0e",
                "reference": "4102c4af23c926d25c8f284c596760d0c6de4a0e",
                "shasum": ""
            },
            "default-branch": true,
            "type": "library",
            "autoload": {
                "psr-4": {
                    "FoxTool\\Debra\\": "src/"
                }
            },
            "notification-url": "https://packagist.org/downloads/",
            "license": [
                "MIT"
            ],
            "authors": [
                {
                    "name": "Vladimir Zakharchenko",
                    "email": "web.jungle.ua@gmail.com"
                }
            ],
            "description": "Small ORM for the small projects",
            "support": {
                "issues": "https://github.com/FoxTool/Debra/issues",
                "source": "https://github.com/FoxTool/Debra/tree/main"
            },
            "time": "2022-01-24T22:10:15+00:00"
        },
        {
            "name": "foxtool/yukon",
            "version": "dev-main",
            "source": {
                "type": "git",
                "url": "https://github.com/FoxTool/Yukon.git",
                "reference": "c5c6bb61543c91bd1f707e84b58fa7ccd34e6cfa"
            },
            "dist": {
                "type": "zip",
                "url": "https://api.github.com/repos/FoxTool/Yukon/zipball/c5c6bb61543c91bd1f707e84b58fa7ccd34e6cfa",
                "reference": "c5c6bb61543c91bd1f707e84b58fa7ccd34e6cfa",
                "shasum": ""
            },
            "default-branch": true,
            "type": "library",
            "autoload": {
                "psr-4": {
                    "FoxTool\\Yukon\\": "src/"
                }
            },
            "notification-url": "https://packagist.org/downloads/",
            "license": [
                "MIT"
            ],
            "authors": [
                {
                    "name": "Vladimir Zakharchenko",
                    "email": "web.jungle.ua@gmail.com"
                }
            ],
            "description": "Simple Router",
            "support": {
                "issues": "https://github.com/FoxTool/Yukon/issues",
                "source": "https://github.com/FoxTool/Yukon/tree/main"
            },
            "time": "2022-01-25T17:34:29+00:00"
        }
    ],
    "packages-dev": [],
    "aliases": [],
    "minimum-stability": "dev",
    "stability-flags": {
        "foxtool/debra": 20,
        "foxtool/yukon": 20
    },
    "prefer-stable": true,
    "prefer-lowest": false,
    "platform": [],
    "platform-dev": [],
    "plugin-api-version": "2.2.0"
}
